
Microsoft Visual Studio Solution File, Format Version 12.00
# Visual Studio Version 16
VisualStudioVersion = 16.0.28803.202
MinimumVisualStudioVersion = 10.0.40219.1
Project("{FAE04EC0-301F-11D3-BF4B-00C04F79EFBC}") = "reporting", "reporting\reporting.csproj", "{46DBE678-D868-4235-8954-FFB12FE5C29A}"
EndProject
Global
	GlobalSection(SolutionConfigurationPlatforms) = preSolution
		Debug|Any CPU = Debug|Any CPU
		Release|Any CPU = Release|Any CPU
	EndGlobalSection
	GlobalSection(ProjectConfigurationPlatforms) = postSolution
		{46DBE678-D868-4235-8954-FFB12FE5C29A}.Debug|Any CPU.ActiveCfg = Debug|Any CPU
		{46DBE678-D868-4235-8954-FFB12FE5C29A}.Debug|Any CPU.Build.0 = Debug|Any CPU
		{46DBE678-D868-4235-8954-FFB12FE5C29A}.Release|Any CPU.ActiveCfg = Release|Any CPU
		{46DBE678-D868-4235-8954-FFB12FE5C29A}.Release|Any CPU.Build.0 = Release|Any CPU
	EndGlobalSection
	GlobalSection(SolutionProperties) = preSolution
		HideSolutionNode = FALSE
	EndGlobalSection
	GlobalSection(ExtensibilityGlobals) = postSolution
		SolutionGuid = {248F60CD-D875-4026-ABEF-C1C9D4E2A209}
	EndGlobalSection
EndGlobal
